
Microsoft Visual Studio Solution File, Format Version 12.00
Project("{FAE04EC0-301F-11D3-BF4B-00C04F79EFBC}") = "nFastProxy.App", "nFastProxy.App\nFastProxy.App.csproj", "{C2AA1F4D-8341-4743-A45A-4E014E9142E3}"
EndProject
Global
	GlobalSection(SolutionConfigurationPlatforms) = preSolution
		Debug|Any CPU = Debug|Any CPU
		Release|Any CPU = Release|Any CPU
	EndGlobalSection
	GlobalSection(ProjectConfigurationPlatforms) = postSolution
		{C2AA1F4D-8341-4743-A45A-4E014E9142E3}.Debug|Any CPU.ActiveCfg = Debug|Any CPU
		{C2AA1F4D-8341-4743-A45A-4E014E9142E3}.Debug|Any CPU.Build.0 = Debug|Any CPU
		{C2AA1F4D-8341-4743-A45A-4E014E9142E3}.Release|Any CPU.ActiveCfg = Release|Any CPU
		{C2AA1F4D-8341-4743-A45A-4E014E9142E3}.Release|Any CPU.Build.0 = Release|Any CPU
	EndGlobalSection
EndGlobal
